
Microsoft Visual Studio Solution File, Format Version 12.00
# Visual Studio Version 17
VisualStudioVersion = 17.11.35327.3
MinimumVisualStudioVersion = 10.0.40219.1
Project("{9A19103F-16F7-4668-BE54-9A1E7A4F7556}") = "Simulator", "Simulator\Simulator.csproj", "{0BABA1DE-B490-4E8B-88C0-E5A7E6B5A65A}"
EndProject
Project("{9A19103F-16F7-4668-BE54-9A1E7A4F7556}") = "Runner", "Runner\Runner.csproj", "{D5A1E731-6056-4DC5-AE1C-38151155415A}"
EndProject
Project("{9A19103F-16F7-4668-BE54-9A1E7A4F7556}") = "TestSimulator", "TestSimulator\TestSimulator.csproj", "{5DEE5FD6-3653-48D3-9DA6-FF8AB023B9D2}"
EndProject
Project("{FAE04EC0-301F-11D3-BF4B-00C04F79EFBC}") = "SimConsole", "SimConsole\SimConsole.csproj", "{16D17051-F0D1-4FD7-B0CC-D872CA09EEF6}"
EndProject
Global
	GlobalSection(SolutionConfigurationPlatforms) = preSolution
		Debug|Any CPU = Debug|Any CPU
		Release|Any CPU = Release|Any CPU
	EndGlobalSection
	GlobalSection(ProjectConfigurationPlatforms) = postSolution
		{0BABA1DE-B490-4E8B-88C0-E5A7E6B5A65A}.Debug|Any CPU.ActiveCfg = Debug|Any CPU
		{0BABA1DE-B490-4E8B-88C0-E5A7E6B5A65A}.Debug|Any CPU.Build.0 = Debug|Any CPU
		{0BABA1DE-B490-4E8B-88C0-E5A7E6B5A65A}.Release|Any CPU.ActiveCfg = Release|Any CPU
		{0BABA1DE-B490-4E8B-88C0-E5A7E6B5A65A}.Release|Any CPU.Build.0 = Release|Any CPU
		{D5A1E731-6056-4DC5-AE1C-38151155415A}.Debug|Any CPU.ActiveCfg = Debug|Any CPU
		{D5A1E731-6056-4DC5-AE1C-38151155415A}.Debug|Any CPU.Build.0 = Debug|Any CPU
		{D5A1E731-6056-4DC5-AE1C-38151155415A}.Release|Any CPU.ActiveCfg = Release|Any CPU
		{D5A1E731-6056-4DC5-AE1C-38151155415A}.Release|Any CPU.Build.0 = Release|Any CPU
		{5DEE5FD6-3653-48D3-9DA6-FF8AB023B9D2}.Debug|Any CPU.ActiveCfg = Debug|Any CPU
		{5DEE5FD6-3653-48D3-9DA6-FF8AB023B9D2}.Debug|Any CPU.Build.0 = Debug|Any CPU
		{5DEE5FD6-3653-48D3-9DA6-FF8AB023B9D2}.Release|Any CPU.ActiveCfg = Release|Any CPU
		{5DEE5FD6-3653-48D3-9DA6-FF8AB023B9D2}.Release|Any CPU.Build.0 = Release|Any CPU
		{16D17051-F0D1-4FD7-B0CC-D872CA09EEF6}.Debug|Any CPU.ActiveCfg = Debug|Any CPU
		{16D17051-F0D1-4FD7-B0CC-D872CA09EEF6}.Debug|Any CPU.Build.0 = Debug|Any CPU
		{16D17051-F0D1-4FD7-B0CC-D872CA09EEF6}.Release|Any CPU.ActiveCfg = Release|Any CPU
		{16D17051-F0D1-4FD7-B0CC-D872CA09EEF6}.Release|Any CPU.Build.0 = Release|Any CPU
	EndGlobalSection
	GlobalSection(SolutionProperties) = preSolution
		HideSolutionNode = FALSE
	EndGlobalSection
	GlobalSection(ExtensibilityGlobals) = postSolution
		SolutionGuid = {F9CA1FC4-2364-4780-8AF0-B75F873C93AA}
	EndGlobalSection
EndGlobal
